
Microsoft Visual Studio Solution File, Format Version 12.00
Project("{FAE04EC0-301F-11D3-BF4B-00C04F79EFBC}") = "Faker", "Faker\Faker.csproj", "{EEF4A173-DA52-4389-8C66-289E8C499AE8}"
EndProject
Project("{FAE04EC0-301F-11D3-BF4B-00C04F79EFBC}") = "CharGenerator", "CharGenerator\CharGenerator.csproj", "{04E58C38-75CE-44DA-B352-C9A261113952}"
EndProject
Global
	GlobalSection(SolutionConfigurationPlatforms) = preSolution
		Debug|Any CPU = Debug|Any CPU
		Release|Any CPU = Release|Any CPU
	EndGlobalSection
	GlobalSection(ProjectConfigurationPlatforms) = postSolution
		{EEF4A173-DA52-4389-8C66-289E8C499AE8}.Debug|Any CPU.ActiveCfg = Debug|Any CPU
		{EEF4A173-DA52-4389-8C66-289E8C499AE8}.Debug|Any CPU.Build.0 = Debug|Any CPU
		{EEF4A173-DA52-4389-8C66-289E8C499AE8}.Release|Any CPU.ActiveCfg = Release|Any CPU
		{EEF4A173-DA52-4389-8C66-289E8C499AE8}.Release|Any CPU.Build.0 = Release|Any CPU
		{04E58C38-75CE-44DA-B352-C9A261113952}.Debug|Any CPU.ActiveCfg = Debug|Any CPU
		{04E58C38-75CE-44DA-B352-C9A261113952}.Debug|Any CPU.Build.0 = Debug|Any CPU
		{04E58C38-75CE-44DA-B352-C9A261113952}.Release|Any CPU.ActiveCfg = Release|Any CPU
		{04E58C38-75CE-44DA-B352-C9A261113952}.Release|Any CPU.Build.0 = Release|Any CPU
	EndGlobalSection
EndGlobal
